// !$*UTF8*$!
{
	archiveVersion = 1;
	classes = {
	};
	objectVersion = 55;
	objects = {

/* Begin PBXBuildFile section */
		4782955A27397A8E00CA754C /* AppDelegate.swift in Sources */ = {isa = PBXBuildFile; fileRef = 4782955927397A8E00CA754C /* AppDelegate.swift */; };
		4782955C27397A8E00CA754C /* SceneDelegate.swift in Sources */ = {isa = PBXBuildFile; fileRef = 4782955B27397A8E00CA754C /* SceneDelegate.swift */; };
		4782955E27397A8E00CA754C /* ViewController.swift in Sources */ = {isa = PBXBuildFile; fileRef = 4782955D27397A8E00CA754C /* ViewController.swift */; };
		4782956127397A8E00CA754C /* Main.storyboard in Resources */ = {isa = PBXBuildFile; fileRef = 4782955F27397A8E00CA754C /* Main.storyboard */; };
		4782956327397A8F00CA754C /* Assets.xcassets in Resources */ = {isa = PBXBuildFile; fileRef = 4782956227397A8F00CA754C /* Assets.xcassets */; };
		4782956627397A8F00CA754C /* LaunchScreen.storyboard in Resources */ = {isa = PBXBuildFile; fileRef = 4782956427397A8F00CA754C /* LaunchScreen.storyboard */; };
		478295742739838A00CA754C /* FirebaseAuth in Frameworks */ = {isa = PBXBuildFile; productRef = 478295732739838A00CA754C /* FirebaseAuth */; };
		478295762739838A00CA754C /* FirebaseDatabase in Frameworks */ = {isa = PBXBuildFile; productRef = 478295752739838A00CA754C /* FirebaseDatabase */; };
		478295782739838A00CA754C /* FirebaseRemoteConfig in Frameworks */ = {isa = PBXBuildFile; productRef = 478295772739838A00CA754C /* FirebaseRemoteConfig */; };
		4782957A2739948D00CA754C /* GoogleService-Info.plist in Resources */ = {isa = PBXBuildFile; fileRef = 478295792739948D00CA754C /* GoogleService-Info.plist */; };
		EF94C4172740223600CBFEB1 /* Coordinator.swift in Sources */ = {isa = PBXBuildFile; fileRef = EF94C4162740223600CBFEB1 /* Coordinator.swift */; };
		EF94C421274027F700CBFEB1 /* Cards.storyboard in Resources */ = {isa = PBXBuildFile; fileRef = EF94C420274027F700CBFEB1 /* Cards.storyboard */; };
		EF94C4242740287800CBFEB1 /* cardsVC.swift in Sources */ = {isa = PBXBuildFile; fileRef = EF94C4232740287800CBFEB1 /* cardsVC.swift */; };
		EF94C4262740290500CBFEB1 /* Account.storyboard in Resources */ = {isa = PBXBuildFile; fileRef = EF94C4252740290500CBFEB1 /* Account.storyboard */; };
		EF94C4282740295500CBFEB1 /* Create.storyboard in Resources */ = {isa = PBXBuildFile; fileRef = EF94C4272740295500CBFEB1 /* Create.storyboard */; };
		EF94C42A2740298A00CBFEB1 /* createVC.swift in Sources */ = {isa = PBXBuildFile; fileRef = EF94C4292740298A00CBFEB1 /* createVC.swift */; };
		EF94C42C274029AC00CBFEB1 /* accountVC.swift in Sources */ = {isa = PBXBuildFile; fileRef = EF94C42B274029AC00CBFEB1 /* accountVC.swift */; };
/* End PBXBuildFile section */

/* Begin PBXFileReference section */
		4782955627397A8E00CA754C /* FlashCards.app */ = {isa = PBXFileReference; explicitFileType = wrapper.application; includeInIndex = 0; path = FlashCards.app; sourceTree = BUILT_PRODUCTS_DIR; };
		4782955927397A8E00CA754C /* AppDelegate.swift */ = {isa = PBXFileReference; lastKnownFileType = sourcecode.swift; path = AppDelegate.swift; sourceTree = "<group>"; };
		4782955B27397A8E00CA754C /* SceneDelegate.swift */ = {isa = PBXFileReference; lastKnownFileType = sourcecode.swift; path = SceneDelegate.swift; sourceTree = "<group>"; };
		4782955D27397A8E00CA754C /* ViewController.swift */ = {isa = PBXFileReference; lastKnownFileType = sourcecode.swift; path = ViewController.swift; sourceTree = "<group>"; };
		4782956027397A8E00CA754C /* Base */ = {isa = PBXFileReference; lastKnownFileType = file.storyboard; name = Base; path = Base.lproj/Main.storyboard; sourceTree = "<group>"; };
		4782956227397A8F00CA754C /* Assets.xcassets */ = {isa = PBXFileReference; lastKnownFileType = folder.assetcatalog; path = Assets.xcassets; sourceTree = "<group>"; };
		4782956527397A8F00CA754C /* Base */ = {isa = PBXFileReference; lastKnownFileType = file.storyboard; name = Base; path = Base.lproj/LaunchScreen.storyboard; sourceTree = "<group>"; };
		4782956727397A8F00CA754C /* Info.plist */ = {isa = PBXFileReference; lastKnownFileType = text.plist.xml; path = Info.plist; sourceTree = "<group>"; };
		478295792739948D00CA754C /* GoogleService-Info.plist */ = {isa = PBXFileReference; fileEncoding = 4; lastKnownFileType = text.plist.xml; name = "GoogleService-Info.plist"; path = "FlashCards/GoogleService-Info.plist"; sourceTree = "<group>"; };
		EF94C4162740223600CBFEB1 /* Coordinator.swift */ = {isa = PBXFileReference; lastKnownFileType = sourcecode.swift; path = Coordinator.swift; sourceTree = "<group>"; };
		EF94C420274027F700CBFEB1 /* Cards.storyboard */ = {isa = PBXFileReference; lastKnownFileType = file.storyboard; path = Cards.storyboard; sourceTree = "<group>"; };
		EF94C4232740287800CBFEB1 /* cardsVC.swift */ = {isa = PBXFileReference; lastKnownFileType = sourcecode.swift; path = cardsVC.swift; sourceTree = "<group>"; };
		EF94C4252740290500CBFEB1 /* Account.storyboard */ = {isa = PBXFileReference; lastKnownFileType = file.storyboard; path = Account.storyboard; sourceTree = "<group>"; };
		EF94C4272740295500CBFEB1 /* Create.storyboard */ = {isa = PBXFileReference; lastKnownFileType = file.storyboard; path = Create.storyboard; sourceTree = "<group>"; };
		EF94C4292740298A00CBFEB1 /* createVC.swift */ = {isa = PBXFileReference; lastKnownFileType = sourcecode.swift; path = createVC.swift; sourceTree = "<group>"; };
		EF94C42B274029AC00CBFEB1 /* accountVC.swift */ = {isa = PBXFileReference; lastKnownFileType = sourcecode.swift; path = accountVC.swift; sourceTree = "<group>"; };
/* End PBXFileReference section */

/* Begin PBXFrameworksBuildPhase section */
		4782955327397A8E00CA754C /* Frameworks */ = {
			isa = PBXFrameworksBuildPhase;
			buildActionMask = 2147483647;
			files = (
				478295782739838A00CA754C /* FirebaseRemoteConfig in Frameworks */,
				478295762739838A00CA754C /* FirebaseDatabase in Frameworks */,
				478295742739838A00CA754C /* FirebaseAuth in Frameworks */,
			);
			runOnlyForDeploymentPostprocessing = 0;
		};
/* End PBXFrameworksBuildPhase section */

/* Begin PBXGroup section */
		4782954D27397A8E00CA754C = {
			isa = PBXGroup;
			children = (
				478295792739948D00CA754C /* GoogleService-Info.plist */,
				4782955827397A8E00CA754C /* FlashCards */,
				4782955727397A8E00CA754C /* Products */,
			);
			sourceTree = "<group>";
		};
		4782955727397A8E00CA754C /* Products */ = {
			isa = PBXGroup;
			children = (
				4782955627397A8E00CA754C /* FlashCards.app */,
			);
			name = Products;
			sourceTree = "<group>";
		};
		4782955827397A8E00CA754C /* FlashCards */ = {
			isa = PBXGroup;
			children = (
				EF94C4222740283D00CBFEB1 /* View */,
				EF94C41F274027DC00CBFEB1 /* Storyboards */,
				EF94C4182740223D00CBFEB1 /* Coordinator */,
				4782955927397A8E00CA754C /* AppDelegate.swift */,
				4782955B27397A8E00CA754C /* SceneDelegate.swift */,
				4782956227397A8F00CA754C /* Assets.xcassets */,
				4782956427397A8F00CA754C /* LaunchScreen.storyboard */,
				4782956727397A8F00CA754C /* Info.plist */,
			);
			path = FlashCards;
			sourceTree = "<group>";
		};
		EF94C4182740223D00CBFEB1 /* Coordinator */ = {
			isa = PBXGroup;
			children = (
				EF94C4162740223600CBFEB1 /* Coordinator.swift */,
			);
			path = Coordinator;
			sourceTree = "<group>";
		};
		EF94C41F274027DC00CBFEB1 /* Storyboards */ = {
			isa = PBXGroup;
			children = (
				4782955F27397A8E00CA754C /* Main.storyboard */,
				EF94C4252740290500CBFEB1 /* Account.storyboard */,
				EF94C4272740295500CBFEB1 /* Create.storyboard */,
				EF94C420274027F700CBFEB1 /* Cards.storyboard */,
			);
			path = Storyboards;
			sourceTree = "<group>";
		};
		EF94C4222740283D00CBFEB1 /* View */ = {
			isa = PBXGroup;
			children = (
				4782955D27397A8E00CA754C /* ViewController.swift */,
				EF94C4232740287800CBFEB1 /* cardsVC.swift */,
				EF94C4292740298A00CBFEB1 /* createVC.swift */,
				EF94C42B274029AC00CBFEB1 /* accountVC.swift */,
			);
			path = View;
			sourceTree = "<group>";
		};
/* End PBXGroup section */

/* Begin PBXNativeTarget section */
		4782955527397A8E00CA754C /* FlashCards */ = {
			isa = PBXNativeTarget;
			buildConfigurationList = 4782956A27397A8F00CA754C /* Build configuration list for PBXNativeTarget "FlashCards" */;
			buildPhases = (
				4782955227397A8E00CA754C /* Sources */,
				4782955327397A8E00CA754C /* Frameworks */,
				4782955427397A8E00CA754C /* Resources */,
			);
			buildRules = (
			);
			dependencies = (
			);
			name = FlashCards;
			packageProductDependencies = (
				478295732739838A00CA754C /* FirebaseAuth */,
				478295752739838A00CA754C /* FirebaseDatabase */,
				478295772739838A00CA754C /* FirebaseRemoteConfig */,
			);
			productName = FlashCards;
			productReference = 4782955627397A8E00CA754C /* FlashCards.app */;
			productType = "com.apple.product-type.application";
		};
/* End PBXNativeTarget section */

/* Begin PBXProject section */
		4782954E27397A8E00CA754C /* Project object */ = {
			isa = PBXProject;
			attributes = {
				BuildIndependentTargetsInParallel = 1;
				LastSwiftUpdateCheck = 1300;
				LastUpgradeCheck = 1300;
				TargetAttributes = {
					4782955527397A8E00CA754C = {
						CreatedOnToolsVersion = 13.0;
					};
				};
			};
			buildConfigurationList = 4782955127397A8E00CA754C /* Build configuration list for PBXProject "FlashCards" */;
			compatibilityVersion = "Xcode 13.0";
			developmentRegion = en;
			hasScannedForEncodings = 0;
			knownRegions = (
				en,
				Base,
			);
			mainGroup = 4782954D27397A8E00CA754C;
			packageReferences = (
				478295722739838A00CA754C /* XCRemoteSwiftPackageReference "firebase-ios-sdk" */,
			);
			productRefGroup = 4782955727397A8E00CA754C /* Products */;
			projectDirPath = "";
			projectRoot = "";
			targets = (
				4782955527397A8E00CA754C /* FlashCards */,
			);
		};
/* End PBXProject section */

/* Begin PBXResourcesBuildPhase section */
		4782955427397A8E00CA754C /* Resources */ = {
			isa = PBXResourcesBuildPhase;
			buildActionMask = 2147483647;
			files = (
				4782956627397A8F00CA754C /* LaunchScreen.storyboard in Resources */,
				4782957A2739948D00CA754C /* GoogleService-Info.plist in Resources */,
				4782956327397A8F00CA754C /* Assets.xcassets in Resources */,
				EF94C421274027F700CBFEB1 /* Cards.storyboard in Resources */,
				EF94C4262740290500CBFEB1 /* Account.storyboard in Resources */,
				4782956127397A8E00CA754C /* Main.storyboard in Resources */,
				EF94C4282740295500CBFEB1 /* Create.storyboard in Resources */,
			);
			runOnlyForDeploymentPostprocessing = 0;
		};
/* End PBXResourcesBuildPhase section */

/* Begin PBXSourcesBuildPhase section */
		4782955227397A8E00CA754C /* Sources */ = {
			isa = PBXSourcesBuildPhase;
			buildActionMask = 2147483647;
			files = (
				EF94C42A2740298A00CBFEB1 /* createVC.swift in Sources */,
				EF94C4242740287800CBFEB1 /* cardsVC.swift in Sources */,
				EF94C4172740223600CBFEB1 /* Coordinator.swift in Sources */,
				4782955E27397A8E00CA754C /* ViewController.swift in Sources */,
				EF94C42C274029AC00CBFEB1 /* accountVC.swift in Sources */,
				4782955A27397A8E00CA754C /* AppDelegate.swift in Sources */,
				4782955C27397A8E00CA754C /* SceneDelegate.swift in Sources */,
			);
			runOnlyForDeploymentPostprocessing = 0;
		};
/* End PBXSourcesBuildPhase section */

/* Begin PBXVariantGroup section */
		4782955F27397A8E00CA754C /* Main.storyboard */ = {
			isa = PBXVariantGroup;
			children = (
				4782956027397A8E00CA754C /* Base */,
			);
			name = Main.storyboard;
			sourceTree = "<group>";
		};
		4782956427397A8F00CA754C /* LaunchScreen.storyboard */ = {
			isa = PBXVariantGroup;
			children = (
				4782956527397A8F00CA754C /* Base */,
			);
			name = LaunchScreen.storyboard;
			sourceTree = "<group>";
		};
/* End PBXVariantGroup section */

/* Begin XCBuildConfiguration section */
		4782956827397A8F00CA754C /* Debug */ = {
			isa = XCBuildConfiguration;
			buildSettings = {
				ALWAYS_SEARCH_USER_PATHS = NO;
				CLANG_ANALYZER_NONNULL = YES;
				CLANG_ANALYZER_NUMBER_OBJECT_CONVERSION = YES_AGGRESSIVE;
				CLANG_CXX_LANGUAGE_STANDARD = "gnu++17";
				CLANG_CXX_LIBRARY = "libc++";
				CLANG_ENABLE_MODULES = YES;
				CLANG_ENABLE_OBJC_ARC = YES;
				CLANG_ENABLE_OBJC_WEAK = YES;
				CLANG_WARN_BLOCK_CAPTURE_AUTORELEASING = YES;
				CLANG_WARN_BOOL_CONVERSION = YES;
				CLANG_WARN_COMMA = YES;
				CLANG_WARN_CONSTANT_CONVERSION = YES;
				CLANG_WARN_DEPRECATED_OBJC_IMPLEMENTATIONS = YES;
				CLANG_WARN_DIRECT_OBJC_ISA_USAGE = YES_ERROR;
				CLANG_WARN_DOCUMENTATION_COMMENTS = YES;
				CLANG_WARN_EMPTY_BODY = YES;
				CLANG_WARN_ENUM_CONVERSION = YES;
				CLANG_WARN_INFINITE_RECURSION = YES;
				CLANG_WARN_INT_CONVERSION = YES;
				CLANG_WARN_NON_LITERAL_NULL_CONVERSION = YES;
				CLANG_WARN_OBJC_IMPLICIT_RETAIN_SELF = YES;
				CLANG_WARN_OBJC_LITERAL_CONVERSION = YES;
				CLANG_WARN_OBJC_ROOT_CLASS = YES_ERROR;
				CLANG_WARN_QUOTED_INCLUDE_IN_FRAMEWORK_HEADER = YES;
				CLANG_WARN_RANGE_LOOP_ANALYSIS = YES;
				CLANG_WARN_STRICT_PROTOTYPES = YES;
				CLANG_WARN_SUSPICIOUS_MOVE = YES;
				CLANG_WARN_UNGUARDED_AVAILABILITY = YES_AGGRESSIVE;
				CLANG_WARN_UNREACHABLE_CODE = YES;
				CLANG_WARN__DUPLICATE_METHOD_MATCH = YES;
				COPY_PHASE_STRIP = NO;
				DEBUG_INFORMATION_FORMAT = dwarf;
				ENABLE_STRICT_OBJC_MSGSEND = YES;
				ENABLE_TESTABILITY = YES;
				GCC_C_LANGUAGE_STANDARD = gnu11;
				GCC_DYNAMIC_NO_PIC = NO;
				GCC_NO_COMMON_BLOCKS = YES;
				GCC_OPTIMIZATION_LEVEL = 0;
				GCC_PREPROCESSOR_DEFINITIONS = (
					"DEBUG=1",
					"$(inherited)",
				);
				GCC_WARN_64_TO_32_BIT_CONVERSION = YES;
				GCC_WARN_ABOUT_RETURN_TYPE = YES_ERROR;
				GCC_WARN_UNDECLARED_SELECTOR = YES;
				GCC_WARN_UNINITIALIZED_AUTOS = YES_AGGRESSIVE;
				GCC_WARN_UNUSED_FUNCTION = YES;
				GCC_WARN_UNUSED_VARIABLE = YES;
				IPHONEOS_DEPLOYMENT_TARGET = 15.0;
				MTL_ENABLE_DEBUG_INFO = INCLUDE_SOURCE;
				MTL_FAST_MATH = YES;
				ONLY_ACTIVE_ARCH = YES;
				SDKROOT = iphoneos;
				SWIFT_ACTIVE_COMPILATION_CONDITIONS = DEBUG;
				SWIFT_OPTIMIZATION_LEVEL = "-Onone";
			};
			name = Debug;
		};
		4782956927397A8F00CA754C /* Release */ = {
			isa = XCBuildConfiguration;
			buildSettings = {
				ALWAYS_SEARCH_USER_PATHS = NO;
				CLANG_ANALYZER_NONNULL = YES;
				CLANG_ANALYZER_NUMBER_OBJECT_CONVERSION = YES_AGGRESSIVE;
				CLANG_CXX_LANGUAGE_STANDARD = "gnu++17";
				CLANG_CXX_LIBRARY = "libc++";
				CLANG_ENABLE_MODULES = YES;
				CLANG_ENABLE_OBJC_ARC = YES;
				CLANG_ENABLE_OBJC_WEAK = YES;
				CLANG_WARN_BLOCK_CAPTURE_AUTORELEASING = YES;
				CLANG_WARN_BOOL_CONVERSION = YES;
				CLANG_WARN_COMMA = YES;
				CLANG_WARN_CONSTANT_CONVERSION = YES;
				CLANG_WARN_DEPRECATED_OBJC_IMPLEMENTATIONS = YES;
				CLANG_WARN_DIRECT_OBJC_ISA_USAGE = YES_ERROR;
				CLANG_WARN_DOCUMENTATION_COMMENTS = YES;
				CLANG_WARN_EMPTY_BODY = YES;
				CLANG_WARN_ENUM_CONVERSION = YES;
				CLANG_WARN_INFINITE_RECURSION = YES;
				CLANG_WARN_INT_CONVERSION = YES;
				CLANG_WARN_NON_LITERAL_NULL_CONVERSION = YES;
				CLANG_WARN_OBJC_IMPLICIT_RETAIN_SELF = YES;
				CLANG_WARN_OBJC_LITERAL_CONVERSION = YES;
				CLANG_WARN_OBJC_ROOT_CLASS = YES_ERROR;
				CLANG_WARN_QUOTED_INCLUDE_IN_FRAMEWORK_HEADER = YES;
				CLANG_WARN_RANGE_LOOP_ANALYSIS = YES;
				CLANG_WARN_STRICT_PROTOTYPES = YES;
				CLANG_WARN_SUSPICIOUS_MOVE = YES;
				CLANG_WARN_UNGUARDED_AVAILABILITY = YES_AGGRESSIVE;
				CLANG_WARN_UNREACHABLE_CODE = YES;
				CLANG_WARN__DUPLICATE_METHOD_MATCH = YES;
				COPY_PHASE_STRIP = NO;
				DEBUG_INFORMATION_FORMAT = "dwarf-with-dsym";
				ENABLE_NS_ASSERTIONS = NO;
				ENABLE_STRICT_OBJC_MSGSEND = YES;
				GCC_C_LANGUAGE_STANDARD = gnu11;
				GCC_NO_COMMON_BLOCKS = YES;
				GCC_WARN_64_TO_32_BIT_CONVERSION = YES;
				GCC_WARN_ABOUT_RETURN_TYPE = YES_ERROR;
				GCC_WARN_UNDECLARED_SELECTOR = YES;
				GCC_WARN_UNINITIALIZED_AUTOS = YES_AGGRESSIVE;
				GCC_WARN_UNUSED_FUNCTION = YES;
				GCC_WARN_UNUSED_VARIABLE = YES;
				IPHONEOS_DEPLOYMENT_TARGET = 15.0;
				MTL_ENABLE_DEBUG_INFO = NO;
				MTL_FAST_MATH = YES;
				SDKROOT = iphoneos;
				SWIFT_COMPILATION_MODE = wholemodule;
				SWIFT_OPTIMIZATION_LEVEL = "-O";
				VALIDATE_PRODUCT = YES;
			};
			name = Release;
		};
		4782956B27397A8F00CA754C /* Debug */ = {
			isa = XCBuildConfiguration;
			buildSettings = {
				ASSETCATALOG_COMPILER_APPICON_NAME = AppIcon;
				ASSETCATALOG_COMPILER_GLOBAL_ACCENT_COLOR_NAME = AccentColor;
				CODE_SIGN_STYLE = Automatic;
				CURRENT_PROJECT_VERSION = 1;
				DEVELOPMENT_TEAM = 99DMH5R3GK;
				GENERATE_INFOPLIST_FILE = YES;
				INFOPLIST_FILE = FlashCards/Info.plist;
				INFOPLIST_KEY_UIApplicationSupportsIndirectInputEvents = YES;
				INFOPLIST_KEY_UILaunchStoryboardName = LaunchScreen;
				INFOPLIST_KEY_UIMainStoryboardFile = Main;
				INFOPLIST_KEY_UISupportedInterfaceOrientations_iPad = "UIInterfaceOrientationPortrait UIInterfaceOrientationPortraitUpsideDown UIInterfaceOrientationLandscapeLeft UIInterfaceOrientationLandscapeRight";
				INFOPLIST_KEY_UISupportedInterfaceOrientations_iPhone = "UIInterfaceOrientationPortrait UIInterfaceOrientationLandscapeLeft UIInterfaceOrientationLandscapeRight";
				LD_RUNPATH_SEARCH_PATHS = (
					"$(inherited)",
					"@executable_path/Frameworks",
				);
				MARKETING_VERSION = 1.0;
				PRODUCT_BUNDLE_IDENTIFIER = rave.FlashCards;
				PRODUCT_NAME = "$(TARGET_NAME)";
				SWIFT_EMIT_LOC_STRINGS = YES;
				SWIFT_VERSION = 5.0;
				TARGETED_DEVICE_FAMILY = "1,2";
			};
			name = Debug;
		};
		4782956C27397A8F00CA754C /* Release */ = {
			isa = XCBuildConfiguration;
			buildSettings = {
				ASSETCATALOG_COMPILER_APPICON_NAME = AppIcon;
				ASSETCATALOG_COMPILER_GLOBAL_ACCENT_COLOR_NAME = AccentColor;
				CODE_SIGN_STYLE = Automatic;
				CURRENT_PROJECT_VERSION = 1;
				DEVELOPMENT_TEAM = 99DMH5R3GK;
				GENERATE_INFOPLIST_FILE = YES;
				INFOPLIST_FILE = FlashCards/Info.plist;
				INFOPLIST_KEY_UIApplicationSupportsIndirectInputEvents = YES;
				INFOPLIST_KEY_UILaunchStoryboardName = LaunchScreen;
				INFOPLIST_KEY_UIMainStoryboardFile = Main;
				INFOPLIST_KEY_UISupportedInterfaceOrientations_iPad = "UIInterfaceOrientationPortrait UIInterfaceOrientationPortraitUpsideDown UIInterfaceOrientationLandscapeLeft UIInterfaceOrientationLandscapeRight";
				INFOPLIST_KEY_UISupportedInterfaceOrientations_iPhone = "UIInterfaceOrientationPortrait UIInterfaceOrientationLandscapeLeft UIInterfaceOrientationLandscapeRight";
				LD_RUNPATH_SEARCH_PATHS = (
					"$(inherited)",
					"@executable_path/Frameworks",
				);
				MARKETING_VERSION = 1.0;
				PRODUCT_BUNDLE_IDENTIFIER = rave.FlashCards;
				PRODUCT_NAME = "$(TARGET_NAME)";
				SWIFT_EMIT_LOC_STRINGS = YES;
				SWIFT_VERSION = 5.0;
				TARGETED_DEVICE_FAMILY = "1,2";
			};
			name = Release;
		};
/* End XCBuildConfiguration section */

/* Begin XCConfigurationList section */
		4782955127397A8E00CA754C /* Build configuration list for PBXProject "FlashCards" */ = {
			isa = XCConfigurationList;
			buildConfigurations = (
				4782956827397A8F00CA754C /* Debug */,
				4782956927397A8F00CA754C /* Release */,
			);
			defaultConfigurationIsVisible = 0;
			defaultConfigurationName = Release;
		};
		4782956A27397A8F00CA754C /* Build configuration list for PBXNativeTarget "FlashCards" */ = {
			isa = XCConfigurationList;
			buildConfigurations = (
				4782956B27397A8F00CA754C /* Debug */,
				4782956C27397A8F00CA754C /* Release */,
			);
			defaultConfigurationIsVisible = 0;
			defaultConfigurationName = Release;
		};
/* End XCConfigurationList section */

/* Begin XCRemoteSwiftPackageReference section */
		478295722739838A00CA754C /* XCRemoteSwiftPackageReference "firebase-ios-sdk" */ = {
			isa = XCRemoteSwiftPackageReference;
			repositoryURL = "https://github.com/firebase/firebase-ios-sdk.git";
			requirement = {
				kind = upToNextMajorVersion;
				minimumVersion = 8.0.0;
			};
		};
/* End XCRemoteSwiftPackageReference section */

/* Begin XCSwiftPackageProductDependency section */
		478295732739838A00CA754C /* FirebaseAuth */ = {
			isa = XCSwiftPackageProductDependency;
			package = 478295722739838A00CA754C /* XCRemoteSwiftPackageReference "firebase-ios-sdk" */;
			productName = FirebaseAuth;
		};
		478295752739838A00CA754C /* FirebaseDatabase */ = {
			isa = XCSwiftPackageProductDependency;
			package = 478295722739838A00CA754C /* XCRemoteSwiftPackageReference "firebase-ios-sdk" */;
			productName = FirebaseDatabase;
		};
		478295772739838A00CA754C /* FirebaseRemoteConfig */ = {
			isa = XCSwiftPackageProductDependency;
			package = 478295722739838A00CA754C /* XCRemoteSwiftPackageReference "firebase-ios-sdk" */;
			productName = FirebaseRemoteConfig;
		};
/* End XCSwiftPackageProductDependency section */
	};
	rootObject = 4782954E27397A8E00CA754C /* Project object */;
}
